{
  "requires": true,
  "lockfileVersion": 1,
  "dependencies": {
    "@consunet/graph-lab": {
      "version": "1.0.10",
      "resolved": "https://registry.npmjs.org/@consunet/graph-lab/-/graph-lab-1.0.10.tgz",
      "integrity": "sha512-uD5RXm8gsRxt+/R+uVI69ihJrj30CSEkPUco/amg88YRsQSMcnhR+zOAhOQXT6S1mWQp1UvD/r/blRUuHsP+nw=="
    }
  }
}
